PODS:
  - Alamofire (4.7.3)
  - GoogleMaps (2.7.0):
    - GoogleMaps/Maps (= 2.7.0)
  - GoogleMaps/Base (2.7.0)
  - GoogleMaps/Maps (2.7.0):
    - GoogleMaps/Base
  - GooglePlaces (2.7.0):
    - GoogleMaps/Base (= 2.7.0)
  - IQKeyboardManagerSwift (6.1.1)
  - libwebp (0.6.1):
    - libwebp/core (= 0.6.1)
    - libwebp/dec (= 0.6.1)
    - libwebp/demux (= 0.6.1)
    - libwebp/dsp (= 0.6.1)
    - libwebp/enc (= 0.6.1)
    - libwebp/mux (= 0.6.1)
    - libwebp/utils (= 0.6.1)
    - libwebp/webp (= 0.6.1)
  - libwebp/core (0.6.1):
    - libwebp/webp
  - libwebp/dec (0.6.1):
    - libwebp/core
  - libwebp/demux (0.6.1):
    - libwebp/core
  - libwebp/dsp (0.6.1):
    - libwebp/core
  - libwebp/enc (0.6.1):
    - libwebp/core
  - libwebp/mux (0.6.1):
    - libwebp/core
  - libwebp/utils (0.6.1):
    - libwebp/core
  - libwebp/webp (0.6.1)
  - SDWebImage/Core (4.4.2)
  - SDWebImage/WebP (4.4.2):
    - libwebp (~> 0.5)
    - SDWebImage/Core
  - SJSwiftSideMenuController (1.2)
  - SwiftMessageBar (5.2.2)
  - SwiftyJSON (4.1.0)

DEPENDENCIES:
  - Alamofire
  - GoogleMaps
  - GooglePlaces
  - IQKeyboardManagerSwift
  - SDWebImage/WebP
  - SJSwiftSideMenuController
  - SwiftMessageBar
  - SwiftyJSON

SPEC REPOS:
  https://github.com/cocoapods/specs.git:
    - Alamofire
    - GoogleMaps
    - GooglePlaces
    - IQKeyboardManagerSwift
    - libwebp
    - SDWebImage
    - SJSwiftSideMenuController
    - SwiftMessageBar
    - SwiftyJSON

SPEC CHECKSUMS:
  Alamofire: c7287b6e5d7da964a70935e5db17046b7fde6568
  GoogleMaps: f79af95cb24d869457b1f961c93d3ce8b2f3b848
  GooglePlaces: 3d06e6c99654545b4738ce49648745779c25f2ef
  IQKeyboardManagerSwift: 977affaeb4d6e971975c7790a6850f31d38f1207
  libwebp: 0f01098c6c17175391af621b2f14150f3ca16e16
  SDWebImage: 624d6e296c69b244bcede364c72ae0430ac14681
  SJSwiftSideMenuController: c28974db07aa6a9ae102df006832f5b8ca2c70e6
  SwiftMessageBar: 0342c5ea52d52b810d43f4a5bf9433bdb92c72dc
  SwiftyJSON: c29297daf073d2aa016295d5809cdd68045c39b3

PODFILE CHECKSUM: 71c9a9889bc8d2f64beec6e58e13026c25a00c4e

COCOAPODS: 1.6.0
